
Microsoft Visual Studio Solution File, Format Version 12.00
# Visual Studio 15
VisualStudioVersion = 15.0.28307.489
MinimumVisualStudioVersion = 10.0.40219.1
Project("{FAE04EC0-301F-11D3-BF4B-00C04F79EFBC}") = "RaspberryRemote", "RaspberryRemote\RaspberryRemote.csproj", "{A2B7D617-E2AF-4588-9F94-06518331A1DD}"
EndProject
Global
	GlobalSection(SolutionConfigurationPlatforms) = preSolution
		Debug|Any CPU = Debug|Any CPU
		Release|Any CPU = Release|Any CPU
	EndGlobalSection
	GlobalSection(ProjectConfigurationPlatforms) = postSolution
		{A2B7D617-E2AF-4588-9F94-06518331A1DD}.Debug|Any CPU.ActiveCfg = Debug|Any CPU
		{A2B7D617-E2AF-4588-9F94-06518331A1DD}.Debug|Any CPU.Build.0 = Debug|Any CPU
		{A2B7D617-E2AF-4588-9F94-06518331A1DD}.Release|Any CPU.ActiveCfg = Release|Any CPU
		{A2B7D617-E2AF-4588-9F94-06518331A1DD}.Release|Any CPU.Build.0 = Release|Any CPU
	EndGlobalSection
	GlobalSection(SolutionProperties) = preSolution
		HideSolutionNode = FALSE
	EndGlobalSection
	GlobalSection(ExtensibilityGlobals) = postSolution
		SolutionGuid = {4A33C4C8-3DA3-4460-8430-3B79BCC13667}
	EndGlobalSection
EndGlobal
